// !$*UTF8*$!
{
	archiveVersion = 1;
	classes = {
	};
	objectVersion = 48;
	objects = {

/* Begin PBXBuildFile section */
		5028AC382099EA11006CA67E /* AppDelegate.swift in Sources */ = {isa = PBXBuildFile; fileRef = 5028AC372099EA11006CA67E /* AppDelegate.swift */; };
		5028AC3A2099EA11006CA67E /* HomeViewController.swift in Sources */ = {isa = PBXBuildFile; fileRef = 5028AC392099EA11006CA67E /* HomeViewController.swift */; };
		5028AC3D2099EA11006CA67E /* Main.storyboard in Resources */ = {isa = PBXBuildFile; fileRef = 5028AC3B2099EA11006CA67E /* Main.storyboard */; };
		5028AC3F2099EA11006CA67E /* Assets.xcassets in Resources */ = {isa = PBXBuildFile; fileRef = 5028AC3E2099EA11006CA67E /* Assets.xcassets */; };
		5028AC422099EA11006CA67E /* LaunchScreen.storyboard in Resources */ = {isa = PBXBuildFile; fileRef = 5028AC402099EA11006CA67E /* LaunchScreen.storyboard */; };
		50D511C32099F1350086F8A4 /* PhotosView.xib in Resources */ = {isa = PBXBuildFile; fileRef = 50D511C22099F1350086F8A4 /* PhotosView.xib */; };
		50D511C52099F1B30086F8A4 /* PhotosView.swift in Sources */ = {isa = PBXBuildFile; fileRef = 50D511C42099F1B30086F8A4 /* PhotosView.swift */; };
/* End PBXBuildFile section */

/* Begin PBXFileReference section */
		5028AC342099EA11006CA67E /* InstaGrid.app */ = {isa = PBXFileReference; explicitFileType = wrapper.application; includeInIndex = 0; path = InstaGrid.app; sourceTree = BUILT_PRODUCTS_DIR; };
		5028AC372099EA11006CA67E /* AppDelegate.swift */ = {isa = PBXFileReference; lastKnownFileType = sourcecode.swift; path = AppDelegate.swift; sourceTree = "<group>"; };
		5028AC392099EA11006CA67E /* HomeViewController.swift */ = {isa = PBXFileReference; lastKnownFileType = sourcecode.swift; path = HomeViewController.swift; sourceTree = "<group>"; };
		5028AC3C2099EA11006CA67E /* Base */ = {isa = PBXFileReference; lastKnownFileType = file.storyboard; name = Base; path = Base.lproj/Main.storyboard; sourceTree = "<group>"; };
		5028AC3E2099EA11006CA67E /* Assets.xcassets */ = {isa = PBXFileReference; lastKnownFileType = folder.assetcatalog; path = Assets.xcassets; sourceTree = "<group>"; };
		5028AC412099EA11006CA67E /* Base */ = {isa = PBXFileReference; lastKnownFileType = file.storyboard; name = Base; path = Base.lproj/LaunchScreen.storyboard; sourceTree = "<group>"; };
		5028AC432099EA11006CA67E /* Info.plist */ = {isa = PBXFileReference; lastKnownFileType = text.plist.xml; path = Info.plist; sourceTree = "<group>"; };
		504B2252209C337F00440BFE /* ThirstySoftRegular.otf */ = {isa = PBXFileReference; lastKnownFileType = file; path = ThirstySoftRegular.otf; sourceTree = "<group>"; };
		504B2253209C338700440BFE /* Delm-Medium.otf */ = {isa = PBXFileReference; lastKnownFileType = file; path = "Delm-Medium.otf"; sourceTree = "<group>"; };
		50D511C22099F1350086F8A4 /* PhotosView.xib */ = {isa = PBXFileReference; lastKnownFileType = file.xib; path = PhotosView.xib; sourceTree = "<group>"; };
		50D511C42099F1B30086F8A4 /* PhotosView.swift */ = {isa = PBXFileReference; lastKnownFileType = sourcecode.swift; path = PhotosView.swift; sourceTree = "<group>"; };
/* End PBXFileReference section */

/* Begin PBXFrameworksBuildPhase section */
		5028AC312099EA11006CA67E /* Frameworks */ = {
			isa = PBXFrameworksBuildPhase;
			buildActionMask = 2147483647;
			files = (
			);
			runOnlyForDeploymentPostprocessing = 0;
		};
/* End PBXFrameworksBuildPhase section */

/* Begin PBXGroup section */
		5028AC2B2099EA11006CA67E = {
			isa = PBXGroup;
			children = (
				5028AC362099EA11006CA67E /* InstaGrid */,
				5028AC352099EA11006CA67E /* Products */,
			);
			sourceTree = "<group>";
		};
		5028AC352099EA11006CA67E /* Products */ = {
			isa = PBXGroup;
			children = (
				5028AC342099EA11006CA67E /* InstaGrid.app */,
			);
			name = Products;
			sourceTree = "<group>";
		};
		5028AC362099EA11006CA67E /* InstaGrid */ = {
			isa = PBXGroup;
			children = (
				5028AC3B2099EA11006CA67E /* Main.storyboard */,
				5037E250209B6338009108B3 /* Sources */,
				5037E253209B63C3009108B3 /* Ressources */,
				5028AC432099EA11006CA67E /* Info.plist */,
			);
			path = InstaGrid;
			sourceTree = "<group>";
		};
		5037E250209B6338009108B3 /* Sources */ = {
			isa = PBXGroup;
			children = (
				5028AC372099EA11006CA67E /* AppDelegate.swift */,
				5037E252209B63B1009108B3 /* Main View */,
				5037E251209B638A009108B3 /* Photo View */,
			);
			path = Sources;
			sourceTree = "<group>";
		};
		5037E251209B638A009108B3 /* Photo View */ = {
			isa = PBXGroup;
			children = (
				50D511C42099F1B30086F8A4 /* PhotosView.swift */,
				50D511C22099F1350086F8A4 /* PhotosView.xib */,
			);
			path = "Photo View";
			sourceTree = "<group>";
		};
		5037E252209B63B1009108B3 /* Main View */ = {
			isa = PBXGroup;
			children = (
				5028AC392099EA11006CA67E /* HomeViewController.swift */,
			);
			path = "Main View";
			sourceTree = "<group>";
		};
		5037E253209B63C3009108B3 /* Ressources */ = {
			isa = PBXGroup;
			children = (
				504B2252209C337F00440BFE /* ThirstySoftRegular.otf */,
				504B2253209C338700440BFE /* Delm-Medium.otf */,
				5028AC402099EA11006CA67E /* LaunchScreen.storyboard */,
				5028AC3E2099EA11006CA67E /* Assets.xcassets */,
			);
			path = Ressources;
			sourceTree = "<group>";
		};
/* End PBXGroup section */

/* Begin PBXNativeTarget section */
		5028AC332099EA11006CA67E /* InstaGrid */ = {
			isa = PBXNativeTarget;
			buildConfigurationList = 5028AC462099EA11006CA67E /* Build configuration list for PBXNativeTarget "InstaGrid" */;
			buildPhases = (
				5028AC302099EA11006CA67E /* Sources */,
				5028AC312099EA11006CA67E /* Frameworks */,
				5028AC322099EA11006CA67E /* Resources */,
			);
			buildRules = (
			);
			dependencies = (
			);
			name = InstaGrid;
			productName = InstaGrid;
			productReference = 5028AC342099EA11006CA67E /* InstaGrid.app */;
			productType = "com.apple.product-type.application";
		};
/* End PBXNativeTarget section */

/* Begin PBXProject section */
		5028AC2C2099EA11006CA67E /* Project object */ = {
			isa = PBXProject;
			attributes = {
				LastSwiftUpdateCheck = 0900;
				LastUpgradeCheck = 0900;
				ORGANIZATIONNAME = "Erwan Le Querré";
				TargetAttributes = {
					5028AC332099EA11006CA67E = {
						CreatedOnToolsVersion = 9.0;
						ProvisioningStyle = Automatic;
					};
				};
			};
			buildConfigurationList = 5028AC2F2099EA11006CA67E /* Build configuration list for PBXProject "InstaGrid" */;
			compatibilityVersion = "Xcode 8.0";
			developmentRegion = en;
			hasScannedForEncodings = 0;
			knownRegions = (
				en,
				Base,
			);
			mainGroup = 5028AC2B2099EA11006CA67E;
			productRefGroup = 5028AC352099EA11006CA67E /* Products */;
			projectDirPath = "";
			projectRoot = "";
			targets = (
				5028AC332099EA11006CA67E /* InstaGrid */,
			);
		};
/* End PBXProject section */

/* Begin PBXResourcesBuildPhase section */
		5028AC322099EA11006CA67E /* Resources */ = {
			isa = PBXResourcesBuildPhase;
			buildActionMask = 2147483647;
			files = (
				5028AC422099EA11006CA67E /* LaunchScreen.storyboard in Resources */,
				5028AC3F2099EA11006CA67E /* Assets.xcassets in Resources */,
				5028AC3D2099EA11006CA67E /* Main.storyboard in Resources */,
				50D511C32099F1350086F8A4 /* PhotosView.xib in Resources */,
			);
			runOnlyForDeploymentPostprocessing = 0;
		};
/* End PBXResourcesBuildPhase section */

/* Begin PBXSourcesBuildPhase section */
		5028AC302099EA11006CA67E /* Sources */ = {
			isa = PBXSourcesBuildPhase;
			buildActionMask = 2147483647;
			files = (
				5028AC3A2099EA11006CA67E /* HomeViewController.swift in Sources */,
				5028AC382099EA11006CA67E /* AppDelegate.swift in Sources */,
				50D511C52099F1B30086F8A4 /* PhotosView.swift in Sources */,
			);
			runOnlyForDeploymentPostprocessing = 0;
		};
/* End PBXSourcesBuildPhase section */

/* Begin PBXVariantGroup section */
		5028AC3B2099EA11006CA67E /* Main.storyboard */ = {
			isa = PBXVariantGroup;
			children = (
				5028AC3C2099EA11006CA67E /* Base */,
			);
			name = Main.storyboard;
			sourceTree = "<group>";
		};
		5028AC402099EA11006CA67E /* LaunchScreen.storyboard */ = {
			isa = PBXVariantGroup;
			children = (
				5028AC412099EA11006CA67E /* Base */,
			);
			name = LaunchScreen.storyboard;
			sourceTree = "<group>";
		};
/* End PBXVariantGroup section */

/* Begin XCBuildConfiguration section */
		5028AC442099EA11006CA67E /* Debug */ = {
			isa = XCBuildConfiguration;
			buildSettings = {
				ALWAYS_SEARCH_USER_PATHS = NO;
				CLANG_ANALYZER_NONNULL = YES;
				CLANG_ANALYZER_NUMBER_OBJECT_CONVERSION = YES_AGGRESSIVE;
				CLANG_CXX_LANGUAGE_STANDARD = "gnu++14";
				CLANG_CXX_LIBRARY = "libc++";
				CLANG_ENABLE_MODULES = YES;
				CLANG_ENABLE_OBJC_ARC = YES;
				CLANG_WARN_BLOCK_CAPTURE_AUTORELEASING = YES;
				CLANG_WARN_BOOL_CONVERSION = YES;
				CLANG_WARN_COMMA = YES;
				CLANG_WARN_CONSTANT_CONVERSION = YES;
				CLANG_WARN_DIRECT_OBJC_ISA_USAGE = YES_ERROR;
				CLANG_WARN_DOCUMENTATION_COMMENTS = YES;
				CLANG_WARN_EMPTY_BODY = YES;
				CLANG_WARN_ENUM_CONVERSION = YES;
				CLANG_WARN_INFINITE_RECURSION = YES;
				CLANG_WARN_INT_CONVERSION = YES;
				CLANG_WARN_NON_LITERAL_NULL_CONVERSION = YES;
				CLANG_WARN_OBJC_LITERAL_CONVERSION = YES;
				CLANG_WARN_OBJC_ROOT_CLASS = YES_ERROR;
				CLANG_WARN_RANGE_LOOP_ANALYSIS = YES;
				CLANG_WARN_STRICT_PROTOTYPES = YES;
				CLANG_WARN_SUSPICIOUS_MOVE = YES;
				CLANG_WARN_UNGUARDED_AVAILABILITY = YES_AGGRESSIVE;
				CLANG_WARN_UNREACHABLE_CODE = YES;
				CLANG_WARN__DUPLICATE_METHOD_MATCH = YES;
				CODE_SIGN_IDENTITY = "iPhone Developer";
				COPY_PHASE_STRIP = NO;
				DEBUG_INFORMATION_FORMAT = dwarf;
				ENABLE_STRICT_OBJC_MSGSEND = YES;
				ENABLE_TESTABILITY = YES;
				GCC_C_LANGUAGE_STANDARD = gnu11;
				GCC_DYNAMIC_NO_PIC = NO;
				GCC_NO_COMMON_BLOCKS = YES;
				GCC_OPTIMIZATION_LEVEL = 0;
				GCC_PREPROCESSOR_DEFINITIONS = (
					"DEBUG=1",
					"$(inherited)",
				);
				GCC_WARN_64_TO_32_BIT_CONVERSION = YES;
				GCC_WARN_ABOUT_RETURN_TYPE = YES_ERROR;
				GCC_WARN_UNDECLARED_SELECTOR = YES;
				GCC_WARN_UNINITIALIZED_AUTOS = YES_AGGRESSIVE;
				GCC_WARN_UNUSED_FUNCTION = YES;
				GCC_WARN_UNUSED_VARIABLE = YES;
				IPHONEOS_DEPLOYMENT_TARGET = 11.0;
				MTL_ENABLE_DEBUG_INFO = YES;
				ONLY_ACTIVE_ARCH = YES;
				SDKROOT = iphoneos;
				SWIFT_ACTIVE_COMPILATION_CONDITIONS = DEBUG;
				SWIFT_OPTIMIZATION_LEVEL = "-Onone";
			};
			name = Debug;
		};
		5028AC452099EA11006CA67E /* Release */ = {
			isa = XCBuildConfiguration;
			buildSettings = {
				ALWAYS_SEARCH_USER_PATHS = NO;
				CLANG_ANALYZER_NONNULL = YES;
				CLANG_ANALYZER_NUMBER_OBJECT_CONVERSION = YES_AGGRESSIVE;
				CLANG_CXX_LANGUAGE_STANDARD = "gnu++14";
				CLANG_CXX_LIBRARY = "libc++";
				CLANG_ENABLE_MODULES = YES;
				CLANG_ENABLE_OBJC_ARC = YES;
				CLANG_WARN_BLOCK_CAPTURE_AUTORELEASING = YES;
				CLANG_WARN_BOOL_CONVERSION = YES;
				CLANG_WARN_COMMA = YES;
				CLANG_WARN_CONSTANT_CONVERSION = YES;
				CLANG_WARN_DIRECT_OBJC_ISA_USAGE = YES_ERROR;
				CLANG_WARN_DOCUMENTATION_COMMENTS = YES;
				CLANG_WARN_EMPTY_BODY = YES;
				CLANG_WARN_ENUM_CONVERSION = YES;
				CLANG_WARN_INFINITE_RECURSION = YES;
				CLANG_WARN_INT_CONVERSION = YES;
				CLANG_WARN_NON_LITERAL_NULL_CONVERSION = YES;
				CLANG_WARN_OBJC_LITERAL_CONVERSION = YES;
				CLANG_WARN_OBJC_ROOT_CLASS = YES_ERROR;
				CLANG_WARN_RANGE_LOOP_ANALYSIS = YES;
				CLANG_WARN_STRICT_PROTOTYPES = YES;
				CLANG_WARN_SUSPICIOUS_MOVE = YES;
				CLANG_WARN_UNGUARDED_AVAILABILITY = YES_AGGRESSIVE;
				CLANG_WARN_UNREACHABLE_CODE = YES;
				CLANG_WARN__DUPLICATE_METHOD_MATCH = YES;
				CODE_SIGN_IDENTITY = "iPhone Developer";
				COPY_PHASE_STRIP = NO;
				DEBUG_INFORMATION_FORMAT = "dwarf-with-dsym";
				ENABLE_NS_ASSERTIONS = NO;
				ENABLE_STRICT_OBJC_MSGSEND = YES;
				GCC_C_LANGUAGE_STANDARD = gnu11;
				GCC_NO_COMMON_BLOCKS = YES;
				GCC_WARN_64_TO_32_BIT_CONVERSION = YES;
				GCC_WARN_ABOUT_RETURN_TYPE = YES_ERROR;
				GCC_WARN_UNDECLARED_SELECTOR = YES;
				GCC_WARN_UNINITIALIZED_AUTOS = YES_AGGRESSIVE;
				GCC_WARN_UNUSED_FUNCTION = YES;
				GCC_WARN_UNUSED_VARIABLE = YES;
				IPHONEOS_DEPLOYMENT_TARGET = 11.0;
				MTL_ENABLE_DEBUG_INFO = NO;
				SDKROOT = iphoneos;
				SWIFT_OPTIMIZATION_LEVEL = "-Owholemodule";
				VALIDATE_PRODUCT = YES;
			};
			name = Release;
		};
		5028AC472099EA11006CA67E /* Debug */ = {
			isa = XCBuildConfiguration;
			buildSettings = {
				ASSETCATALOG_COMPILER_APPICON_NAME = AppIcon;
				CODE_SIGN_STYLE = Automatic;
				DEVELOPMENT_TEAM = Z7AF9ZQ283;
				INFOPLIST_FILE = InstaGrid/Info.plist;
				LD_RUNPATH_SEARCH_PATHS = "$(inherited) @executable_path/Frameworks";
				PRODUCT_BUNDLE_IDENTIFIER = fr.lequerreerwan.InstaGrid;
				PRODUCT_NAME = "$(TARGET_NAME)";
				SWIFT_VERSION = 4.0;
				TARGETED_DEVICE_FAMILY = "1,2";
			};
			name = Debug;
		};
		5028AC482099EA11006CA67E /* Release */ = {
			isa = XCBuildConfiguration;
			buildSettings = {
				ASSETCATALOG_COMPILER_APPICON_NAME = AppIcon;
				CODE_SIGN_STYLE = Automatic;
				DEVELOPMENT_TEAM = Z7AF9ZQ283;
				INFOPLIST_FILE = InstaGrid/Info.plist;
				LD_RUNPATH_SEARCH_PATHS = "$(inherited) @executable_path/Frameworks";
				PRODUCT_BUNDLE_IDENTIFIER = fr.lequerreerwan.InstaGrid;
				PRODUCT_NAME = "$(TARGET_NAME)";
				SWIFT_VERSION = 4.0;
				TARGETED_DEVICE_FAMILY = "1,2";
			};
			name = Release;
		};
/* End XCBuildConfiguration section */

/* Begin XCConfigurationList section */
		5028AC2F2099EA11006CA67E /* Build configuration list for PBXProject "InstaGrid" */ = {
			isa = XCConfigurationList;
			buildConfigurations = (
				5028AC442099EA11006CA67E /* Debug */,
				5028AC452099EA11006CA67E /* Release */,
			);
			defaultConfigurationIsVisible = 0;
			defaultConfigurationName = Release;
		};
		5028AC462099EA11006CA67E /* Build configuration list for PBXNativeTarget "InstaGrid" */ = {
			isa = XCConfigurationList;
			buildConfigurations = (
				5028AC472099EA11006CA67E /* Debug */,
				5028AC482099EA11006CA67E /* Release */,
			);
			defaultConfigurationIsVisible = 0;
			defaultConfigurationName = Release;
		};
/* End XCConfigurationList section */
	};
	rootObject = 5028AC2C2099EA11006CA67E /* Project object */;
}
